
Microsoft Visual Studio Solution File, Format Version 12.00
# Visual Studio Version 17
VisualStudioVersion = 17.5.33516.290
MinimumVisualStudioVersion = 10.0.40219.1
Project("{FAE04EC0-301F-11D3-BF4B-00C04F79EFBC}") = "wp09_caliburnApp", "wp09_caliburnApp\wp09_caliburnApp.csproj", "{60178115-3731-494A-A85B-BD3C6C7E396F}"
EndProject
Project("{FAE04EC0-301F-11D3-BF4B-00C04F79EFBC}") = "wp08_personalInfoApp", "wp08_personalInfoApp\wp08_personalInfoApp.csproj", "{EF69A01A-FA51-4BE2-8389-F8CA47226C2F}"
EndProject
Project("{FAE04EC0-301F-11D3-BF4B-00C04F79EFBC}") = "wp10_employeesApp", "wp10_employeesApp\wp10_employeesApp.csproj", "{BF871658-61CA-46E2-81AB-237DB53A42E6}"
EndProject
Global
	GlobalSection(SolutionConfigurationPlatforms) = preSolution
		Debug|Any CPU = Debug|Any CPU
		Release|Any CPU = Release|Any CPU
	EndGlobalSection
	GlobalSection(ProjectConfigurationPlatforms) = postSolution
		{60178115-3731-494A-A85B-BD3C6C7E396F}.Debug|Any CPU.ActiveCfg = Debug|Any CPU
		{60178115-3731-494A-A85B-BD3C6C7E396F}.Debug|Any CPU.Build.0 = Debug|Any CPU
		{60178115-3731-494A-A85B-BD3C6C7E396F}.Release|Any CPU.ActiveCfg = Release|Any CPU
		{60178115-3731-494A-A85B-BD3C6C7E396F}.Release|Any CPU.Build.0 = Release|Any CPU
		{EF69A01A-FA51-4BE2-8389-F8CA47226C2F}.Debug|Any CPU.ActiveCfg = Debug|Any CPU
		{EF69A01A-FA51-4BE2-8389-F8CA47226C2F}.Debug|Any CPU.Build.0 = Debug|Any CPU
		{EF69A01A-FA51-4BE2-8389-F8CA47226C2F}.Release|Any CPU.ActiveCfg = Release|Any CPU
		{EF69A01A-FA51-4BE2-8389-F8CA47226C2F}.Release|Any CPU.Build.0 = Release|Any CPU
		{BF871658-61CA-46E2-81AB-237DB53A42E6}.Debug|Any CPU.ActiveCfg = Debug|Any CPU
		{BF871658-61CA-46E2-81AB-237DB53A42E6}.Debug|Any CPU.Build.0 = Debug|Any CPU
		{BF871658-61CA-46E2-81AB-237DB53A42E6}.Release|Any CPU.ActiveCfg = Release|Any CPU
		{BF871658-61CA-46E2-81AB-237DB53A42E6}.Release|Any CPU.Build.0 = Release|Any CPU
	EndGlobalSection
	GlobalSection(SolutionProperties) = preSolution
		HideSolutionNode = FALSE
	EndGlobalSection
	GlobalSection(ExtensibilityGlobals) = postSolution
		SolutionGuid = {28FDEFBC-9300-410B-BB7B-2D54125F540F}
	EndGlobalSection
EndGlobal
