
Microsoft Visual Studio Solution File, Format Version 12.00
# Visual Studio Version 17
VisualStudioVersion = 17.5.33516.290
MinimumVisualStudioVersion = 10.0.40219.1
Project("{FAE04EC0-301F-11D3-BF4B-00C04F79EFBC}") = "wp03_controls", "wp03_controls\wp03_controls.csproj", "{C75159FE-1275-4E9C-843B-793205D04FD3}"
EndProject
Project("{FAE04EC0-301F-11D3-BF4B-00C04F79EFBC}") = "wp04_layout", "wp04_layout\wp04_layout.csproj", "{607BBC7A-CA7C-4534-9D09-A2CDAF02DB21}"
EndProject
Project("{FAE04EC0-301F-11D3-BF4B-00C04F79EFBC}") = "wp05_bikeshop", "wp05_bikeshop\wp05_bikeshop.csproj", "{8C7F76F5-8538-4D92-870D-71D014B71EAB}"
EndProject
Global
	GlobalSection(SolutionConfigurationPlatforms) = preSolution
		Debug|Any CPU = Debug|Any CPU
		Release|Any CPU = Release|Any CPU
	EndGlobalSection
	GlobalSection(ProjectConfigurationPlatforms) = postSolution
		{C75159FE-1275-4E9C-843B-793205D04FD3}.Debug|Any CPU.ActiveCfg = Debug|Any CPU
		{C75159FE-1275-4E9C-843B-793205D04FD3}.Debug|Any CPU.Build.0 = Debug|Any CPU
		{C75159FE-1275-4E9C-843B-793205D04FD3}.Release|Any CPU.ActiveCfg = Release|Any CPU
		{C75159FE-1275-4E9C-843B-793205D04FD3}.Release|Any CPU.Build.0 = Release|Any CPU
		{607BBC7A-CA7C-4534-9D09-A2CDAF02DB21}.Debug|Any CPU.ActiveCfg = Debug|Any CPU
		{607BBC7A-CA7C-4534-9D09-A2CDAF02DB21}.Debug|Any CPU.Build.0 = Debug|Any CPU
		{607BBC7A-CA7C-4534-9D09-A2CDAF02DB21}.Release|Any CPU.ActiveCfg = Release|Any CPU
		{607BBC7A-CA7C-4534-9D09-A2CDAF02DB21}.Release|Any CPU.Build.0 = Release|Any CPU
		{8C7F76F5-8538-4D92-870D-71D014B71EAB}.Debug|Any CPU.ActiveCfg = Debug|Any CPU
		{8C7F76F5-8538-4D92-870D-71D014B71EAB}.Debug|Any CPU.Build.0 = Debug|Any CPU
		{8C7F76F5-8538-4D92-870D-71D014B71EAB}.Release|Any CPU.ActiveCfg = Release|Any CPU
		{8C7F76F5-8538-4D92-870D-71D014B71EAB}.Release|Any CPU.Build.0 = Release|Any CPU
	EndGlobalSection
	GlobalSection(SolutionProperties) = preSolution
		HideSolutionNode = FALSE
	EndGlobalSection
	GlobalSection(ExtensibilityGlobals) = postSolution
		SolutionGuid = {A99F6021-5AAA-4098-8B15-667FC455C622}
	EndGlobalSection
EndGlobal
